{
  "nodes": {
    "brew-src": {
      "flake": false,
      "locked": {
        "lastModified": 1756059815,
        "narHash": "sha256-UALOxoXoFIHbwKzcqbqCAqw5cC0MJEehLaWSet5vxfE=",
        "owner": "Homebrew",
        "repo": "brew",
        "rev": "02947ea4edbdef5fcce9ee57fa289547f4d096c9",
        "type": "github"
      },
      "original": {
        "owner": "Homebrew",
        "ref": "4.6.7",
        "repo": "brew",
        "type": "github"
      }
    },
    "cosmic-applets-src": {
      "flake": false,
      "locked": {
        "lastModified": 1757855177,
        "narHash": "sha256-NEjzySWb/xoYG9uYOBzyP0GB4ZN+IqDDihEQlYsW4p4=",
        "owner": "pop-os",
        "repo": "cosmic-applets",
        "rev": "c327f88a8a0a32195e16ef02052a47b1cc28d495",
        "type": "github"
      },
      "original": {
        "owner": "pop-os",
        "repo": "cosmic-applets",
        "type": "github"
      }
    },
    "cosmic-applibrary-src": {
      "flake": false,
      "locked": {
        "lastModified": 1757355962,
        "narHash": "sha256-FKUkpGr8mEFYpi+EOIltfPLM9QV6/AqxMT1Qtp6KAK0=",
        "owner": "pop-os",
        "repo": "cosmic-applibrary",
        "rev": "893fe70c5d575231c62c4bbccc4aed97bceba77e",
        "type": "github"
      },
      "original": {
        "owner": "pop-os",
        "repo": "cosmic-applibrary",
        "type": "github"
      }
    },
    "cosmic-bg-src": {
      "flake": false,
      "locked": {
        "lastModified": 1756826102,
        "narHash": "sha256-/DFUazerRx5np1ji20UZJAbcMq3DTFXw06aOkX0i1uc=",
        "owner": "pop-os",
        "repo": "cosmic-bg",
        "rev": "6841c5aeea24422b9ab2b1ea8925c8a9153de149",
        "type": "github"
      },
      "original": {
        "owner": "pop-os",
        "repo": "cosmic-bg",
        "type": "github"
      }
    },
    "cosmic-comp-src": {
      "flake": false,
      "locked": {
        "lastModified": 1757920380,
        "narHash": "sha256-rO49rVJYvafqPad52eeiLKzmsn7GGNCxEHo/a2K7B3I=",
        "owner": "pop-os",
        "repo": "cosmic-comp",
        "rev": "b83e9f1d32f7d7b933c3fc8d45ed574d7440212a",
        "type": "github"
      },
      "original": {
        "owner": "pop-os",
        "repo": "cosmic-comp",
        "type": "github"
      }
    },
    "cosmic-edit-src": {
      "flake": false,
      "locked": {
        "lastModified": 1757859059,
        "narHash": "sha256-QFUuSBfmchz0PjttQb5aNw7hWWhYf9RMO87tt5catio=",
        "owner": "pop-os",
        "repo": "cosmic-edit",
        "rev": "f6e464ee6182d937e8d5d46b13345978498310dd",
        "type": "github"
      },
      "original": {
        "owner": "pop-os",
        "repo": "cosmic-edit",
        "type": "github"
      }
    },
    "cosmic-files-src": {
      "flake": false,
      "locked": {
        "lastModified": 1757855054,
        "narHash": "sha256-VY4Fil8Mj03eXifePocHE0rYXuiru27wkrf5E2fItl4=",
        "owner": "pop-os",
        "repo": "cosmic-files",
        "rev": "fd12a8f9dc0c470ecc58c3137d63edf34332b61c",
        "type": "github"
      },
      "original": {
        "owner": "pop-os",
        "repo": "cosmic-files",
        "type": "github"
      }
    },
    "cosmic-greeter-src": {
      "flake": false,
      "locked": {
        "lastModified": 1757855206,
        "narHash": "sha256-Ntq50O++1Lb3w326HjML53sAa4zlxG6tEXHWkjT/ENM=",
        "owner": "pop-os",
        "repo": "cosmic-greeter",
        "rev": "f1f7862fbc270ea22db136f8feea027400d3be0f",
        "type": "github"
      },
      "original": {
        "owner": "pop-os",
        "repo": "cosmic-greeter",
        "type": "github"
      }
    },
    "cosmic-icons-src": {
      "flake": false,
      "locked": {
        "lastModified": 1742575985,
        "narHash": "sha256-KDmEYeuiDTYvqg2XJK8pMDfsmROKtN+if5Qxz57H5xs=",
        "owner": "pop-os",
        "repo": "cosmic-icons",
        "rev": "0b2aed444daa52c65effbb8e71a8a19b0f2e4cb9",
        "type": "github"
      },
      "original": {
        "owner": "pop-os",
        "repo": "cosmic-icons",
        "type": "github"
      }
    },
    "cosmic-idle-src": {
      "flake": false,
      "locked": {
        "lastModified": 1740507204,
        "narHash": "sha256-dRvcow+rZ4sJV6pBxRIw6SCmU3aXP9uVKtFEJ9vozzI=",
        "owner": "pop-os",
        "repo": "cosmic-idle",
        "rev": "267bb837f127eb805a17250ebcad02db57eb72cb",
        "type": "github"
      },
      "original": {
        "owner": "pop-os",
        "repo": "cosmic-idle",
        "type": "github"
      }
    },
    "cosmic-launcher-src": {
      "flake": false,
      "locked": {
        "lastModified": 1757600046,
        "narHash": "sha256-/OXX+jcuXbAIH4+5RK5dNVdugxbH/qUPOYUKeeNS6vw=",
        "owner": "pop-os",
        "repo": "cosmic-launcher",
        "rev": "ee52edd2d1bb38ed265bc2bb2675aa1a982f3811",
        "type": "github"
      },
      "original": {
        "owner": "pop-os",
        "repo": "cosmic-launcher",
        "type": "github"
      }
    },
    "cosmic-nightly": {
      "inputs": {
        "cosmic-applets-src": "cosmic-applets-src",
        "cosmic-applibrary-src": "cosmic-applibrary-src",
        "cosmic-bg-src": "cosmic-bg-src",
        "cosmic-comp-src": "cosmic-comp-src",
        "cosmic-edit-src": "cosmic-edit-src",
        "cosmic-files-src": "cosmic-files-src",
        "cosmic-greeter-src": "cosmic-greeter-src",
        "cosmic-icons-src": "cosmic-icons-src",
        "cosmic-idle-src": "cosmic-idle-src",
        "cosmic-launcher-src": "cosmic-launcher-src",
        "cosmic-notifications-src": "cosmic-notifications-src",
        "cosmic-osd-src": "cosmic-osd-src",
        "cosmic-panel-src": "cosmic-panel-src",
        "cosmic-player-src": "cosmic-player-src",
        "cosmic-protocols-src": "cosmic-protocols-src",
        "cosmic-randr-src": "cosmic-randr-src",
        "cosmic-screenshot-src": "cosmic-screenshot-src",
        "cosmic-session-src": "cosmic-session-src",
        "cosmic-settings-daemon-src": "cosmic-settings-daemon-src",
        "cosmic-settings-src": "cosmic-settings-src",
        "cosmic-store-src": "cosmic-store-src",
        "cosmic-term-src": "cosmic-term-src",
        "cosmic-wallpapers-src": "cosmic-wallpapers-src",
        "cosmic-workspaces-epoch-src": "cosmic-workspaces-epoch-src",
        "nixpkgs": "nixpkgs",
        "xdg-desktop-portal-cosmic-src": "xdg-desktop-portal-cosmic-src"
      },
      "locked": {
        "lastModified": 1757947221,
        "narHash": "sha256-6KUoMv8zrEamDRjL/gsJHF5Fp5sacNE8LT1L656czAM=",
        "owner": "busyboredom",
        "repo": "cosmic-nightly-flake",
        "rev": "2c16dc253c8f00e814bc6efd82c6777058e268c5",
        "type": "github"
      },
      "original": {
        "owner": "busyboredom",
        "repo": "cosmic-nightly-flake",
        "type": "github"
      }
    },
    "cosmic-notifications-src": {
      "flake": false,
      "locked": {
        "lastModified": 1757447875,
        "narHash": "sha256-FQLaDgOzaeXVNc+8I0MSYCau9R/C7iaoRvL+vEBvFws=",
        "owner": "pop-os",
        "repo": "cosmic-notifications",
        "rev": "3c2a10a2a5da99af8a9cbb689d87cdea8c170cad",
        "type": "github"
      },
      "original": {
        "owner": "pop-os",
        "repo": "cosmic-notifications",
        "type": "github"
      }
    },
    "cosmic-osd-src": {
      "flake": false,
      "locked": {
        "lastModified": 1757712881,
        "narHash": "sha256-t6mtACR8xRm/676H7ki/t8EPRLZotLTgoLKKPilIJlw=",
        "owner": "pop-os",
        "repo": "cosmic-osd",
        "rev": "8c35926f25cb67612f58eb8481d06574922675cc",
        "type": "github"
      },
      "original": {
        "owner": "pop-os",
        "repo": "cosmic-osd",
        "type": "github"
      }
    },
    "cosmic-panel-src": {
      "flake": false,
      "locked": {
        "lastModified": 1757335801,
        "narHash": "sha256-VbXdXo3K5UN25B2+ZWdP8EzX4M3553ZjPaXRQenU3Ys=",
        "owner": "pop-os",
        "repo": "cosmic-panel",
        "rev": "2bd1a6f8e42b3857853a23b097daf2ab45eb0e18",
        "type": "github"
      },
      "original": {
        "owner": "pop-os",
        "repo": "cosmic-panel",
        "type": "github"
      }
    },
    "cosmic-player-src": {
      "flake": false,
      "locked": {
        "lastModified": 1757882603,
        "narHash": "sha256-18RBAhprkdlafK+mmcjDtGrzG6bCHTW89qia2yA9A7w=",
        "owner": "pop-os",
        "repo": "cosmic-player",
        "rev": "849dd8fabf8f3f05664157cdfa9469ceff7d65aa",
        "type": "github"
      },
      "original": {
        "owner": "pop-os",
        "repo": "cosmic-player",
        "type": "github"
      }
    },
    "cosmic-protocols-src": {
      "flake": false,
      "locked": {
        "lastModified": 1756731817,
        "narHash": "sha256-gOYgz07RGZoBp2RbHn0jUGLGXH/geoch/Y27Qh+jBao=",
        "owner": "pop-os",
        "repo": "cosmic-protocols",
        "rev": "6254f50abc6dbfccadc6939f80e20081ab5f9d51",
        "type": "github"
      },
      "original": {
        "owner": "pop-os",
        "repo": "cosmic-protocols",
        "type": "github"
      }
    },
    "cosmic-randr-src": {
      "flake": false,
      "locked": {
        "lastModified": 1757248943,
        "narHash": "sha256-daP2YZ7B1LXzqh2n0KoSTJbitdK+hlZO+Ydt9behzmQ=",
        "owner": "pop-os",
        "repo": "cosmic-randr",
        "rev": "bce9cdf2d447508d4e2d54a2be4fcd738ab51df5",
        "type": "github"
      },
      "original": {
        "owner": "pop-os",
        "repo": "cosmic-randr",
        "type": "github"
      }
    },
    "cosmic-screenshot-src": {
      "flake": false,
      "locked": {
        "lastModified": 1757445021,
        "narHash": "sha256-oUsO0DtdrFANhhO3gmGyIBgTFoFAchTZwd5MAverVGU=",
        "owner": "pop-os",
        "repo": "cosmic-screenshot",
        "rev": "3ba7f6df76122df296dfab104e1a91207a51f128",
        "type": "github"
      },
      "original": {
        "owner": "pop-os",
        "repo": "cosmic-screenshot",
        "type": "github"
      }
    },
    "cosmic-session-src": {
      "flake": false,
      "locked": {
        "lastModified": 1757100934,
        "narHash": "sha256-J+r4HoxZmKU0E8eirGpLOihIvkVlmkmcXMPMkWsQuK8=",
        "owner": "pop-os",
        "repo": "cosmic-session",
        "rev": "2441be2ad02fc28b397f67b704f2b41de7a96ed6",
        "type": "github"
      },
      "original": {
        "owner": "pop-os",
        "repo": "cosmic-session",
        "type": "github"
      }
    },
    "cosmic-settings-daemon-src": {
      "flake": false,
      "locked": {
        "lastModified": 1757703022,
        "narHash": "sha256-j0cqvfiL7JuZZjtPX/+dD87z3/2/l7JPmFP/xJgZ+JM=",
        "owner": "pop-os",
        "repo": "cosmic-settings-daemon",
        "rev": "ee782f454a09310a28abe73653e6c82d06a79855",
        "type": "github"
      },
      "original": {
        "owner": "pop-os",
        "repo": "cosmic-settings-daemon",
        "type": "github"
      }
    },
    "cosmic-settings-src": {
      "flake": false,
      "locked": {
        "lastModified": 1757712820,
        "narHash": "sha256-QOeBhvZUn5rbtRgiKCtdT6XhT+XRmSfL8cI+7lUWnDg=",
        "owner": "pop-os",
        "repo": "cosmic-settings",
        "rev": "29da0330aaa95272a73ed30a3997264d9f683445",
        "type": "github"
      },
      "original": {
        "owner": "pop-os",
        "repo": "cosmic-settings",
        "type": "github"
      }
    },
    "cosmic-store-src": {
      "flake": false,
      "locked": {
        "lastModified": 1757854238,
        "narHash": "sha256-GpeCnvIt9IYaXkkeOsx0joCgck61p74xg8qywFnzAYg=",
        "owner": "pop-os",
        "repo": "cosmic-store",
        "rev": "f39eef77621c0c3aff33723ef1d1c7affccc80f4",
        "type": "github"
      },
      "original": {
        "owner": "pop-os",
        "repo": "cosmic-store",
        "type": "github"
      }
    },
    "cosmic-term-src": {
      "flake": false,
      "locked": {
        "lastModified": 1757882625,
        "narHash": "sha256-j8LwE1p1p0CtxzzP9TLdFOrJ+x/BcT/Kyza+oqC1zkA=",
        "owner": "pop-os",
        "repo": "cosmic-term",
        "rev": "b39d4ac58bb4b63b9aee66dd297f0768f3ab7259",
        "type": "github"
      },
      "original": {
        "owner": "pop-os",
        "repo": "cosmic-term",
        "type": "github"
      }
    },
    "cosmic-wallpapers-src": {
      "flake": false,
      "locked": {
        "lastModified": 1744123997,
        "narHash": "sha256-XtNmV6fxKFlirXQvxxgAYSQveQs8RCTfcFd8SVdEXtE=",
        "owner": "pop-os",
        "repo": "cosmic-wallpapers",
        "rev": "189c2c63d31da84ebb161acfd21a503f98a1b4c7",
        "type": "github"
      },
      "original": {
        "owner": "pop-os",
        "repo": "cosmic-wallpapers",
        "type": "github"
      }
    },
    "cosmic-workspaces-epoch-src": {
      "flake": false,
      "locked": {
        "lastModified": 1757624610,
        "narHash": "sha256-Wm0U41vkd9O7btV/Dju8nSH9vn64A1s2xn4t/bOMJX8=",
        "owner": "pop-os",
        "repo": "cosmic-workspaces-epoch",
        "rev": "a939335b9ee6660b759d19dc6abd0b0adfbdb82f",
        "type": "github"
      },
      "original": {
        "owner": "pop-os",
        "repo": "cosmic-workspaces-epoch",
        "type": "github"
      }
    },
    "darwin": {
      "inputs": {
        "nixpkgs": [
          "nixpkgs"
        ]
      },
      "locked": {
        "lastModified": 1758447883,
        "narHash": "sha256-yGA6MV0E4JSEXqLTb4ZZkmdJZcoQ8HUzihRRX12Bvpg=",
        "owner": "LnL7",
        "repo": "nix-darwin",
        "rev": "25381509d5c91bbf3c30e23abc6d8476d2143cd1",
        "type": "github"
      },
      "original": {
        "owner": "LnL7",
        "repo": "nix-darwin",
        "type": "github"
      }
    },
    "flake-utils": {
      "locked": {
        "lastModified": 1659877975,
        "narHash": "sha256-zllb8aq3YO3h8B/U0/J1WBgAL8EX5yWf5pMj3G0NAmc=",
        "owner": "numtide",
        "repo": "flake-utils",
        "rev": "c0e246b9b83f637f4681389ecabcb2681b4f3af0",
        "type": "github"
      },
      "original": {
        "owner": "numtide",
        "repo": "flake-utils",
        "type": "github"
      }
    },
    "home-manager": {
      "inputs": {
        "nixpkgs": [
          "nixpkgs"
        ]
      },
      "locked": {
        "lastModified": 1758541024,
        "narHash": "sha256-cSXhpy4g28WN6TESPCu3ASI9JIZotereDUg7qfWwunU=",
        "owner": "nix-community",
        "repo": "home-manager",
        "rev": "9b6e609a6e41ee5ca4a46465bdc0475fe2212fc8",
        "type": "github"
      },
      "original": {
        "owner": "nix-community",
        "repo": "home-manager",
        "type": "github"
      }
    },
    "homebrew": {
      "inputs": {
        "brew-src": "brew-src"
      },
      "locked": {
        "lastModified": 1756398546,
        "narHash": "sha256-n4GVDLhKu65XFraJuCzap2AaZji4xhPaZMTJ8aQdD3s=",
        "owner": "zhaofengli-wip",
        "repo": "nix-homebrew",
        "rev": "3aa475996cb3bc1ecefa88c99c466e6f0bc17431",
        "type": "github"
      },
      "original": {
        "owner": "zhaofengli-wip",
        "repo": "nix-homebrew",
        "type": "github"
      }
    },
    "homebrew-bundle": {
      "flake": false,
      "locked": {
        "lastModified": 1745335228,
        "narHash": "sha256-TIKR2UgtyUmHLNZp255/vLs+1I10hXe+sciMEbAGFwE=",
        "owner": "homebrew",
        "repo": "homebrew-bundle",
        "rev": "a3265c84b232e13048ecbf6fc18a2eedfadbeb08",
        "type": "github"
      },
      "original": {
        "owner": "homebrew",
        "repo": "homebrew-bundle",
        "type": "github"
      }
    },
    "homebrew-cask": {
      "flake": false,
      "locked": {
        "lastModified": 1758538574,
        "narHash": "sha256-64i84mM8i+JMuQm1p2VIo9jyCkELniCSetsPAgNgH0U=",
        "owner": "homebrew",
        "repo": "homebrew-cask",
        "rev": "aa0267d825e8f858cccd170ac4c59e8604220e99",
        "type": "github"
      },
      "original": {
        "owner": "homebrew",
        "repo": "homebrew-cask",
        "type": "github"
      }
    },
    "homebrew-core": {
      "flake": false,
      "locked": {
        "lastModified": 1758542645,
        "narHash": "sha256-FQXZ1eOOg4POwqUMjB2h+DTha8RFFvyzKD4lun/LVaE=",
        "owner": "homebrew",
        "repo": "homebrew-core",
        "rev": "eb4da01f7fe7a70c65876e52076dda2c762f0291",
        "type": "github"
      },
      "original": {
        "owner": "homebrew",
        "repo": "homebrew-core",
        "type": "github"
      }
    },
    "krew2nix": {
      "inputs": {
        "flake-utils": "flake-utils",
        "nixpkgs": "nixpkgs_2"
      },
      "locked": {
        "lastModified": 1716272275,
        "narHash": "sha256-JWDyPhAJp263EVVsGrKwrJU+xdDReHsDmSe7A190/Cg=",
        "owner": "eigengrau",
        "repo": "krew2nix",
        "rev": "0c1fecaab044dba1249c5d09366891ec467b4ad2",
        "type": "github"
      },
      "original": {
        "owner": "eigengrau",
        "repo": "krew2nix",
        "type": "github"
      }
    },
    "nix-flatpak": {
      "locked": {
        "lastModified": 1754777568,
        "narHash": "sha256-0bBqT+3XncgF8F03RFAamw9vdf0VmaDoIJLTGkjfQZs=",
        "owner": "gmodena",
        "repo": "nix-flatpak",
        "rev": "62f636b87ef6050760a8cb325cadb90674d1e23e",
        "type": "github"
      },
      "original": {
        "owner": "gmodena",
        "repo": "nix-flatpak",
        "type": "github"
      }
    },
    "nixpkgs": {
      "locked": {
        "lastModified": 1757873102,
        "narHash": "sha256-kYhNxLlYyJcUouNRazBufVfBInMWMyF+44xG/xar2yE=",
        "owner": "NixOS",
        "repo": "nixpkgs",
        "rev": "88cef159e47c0dc56f151593e044453a39a6e547",
        "type": "github"
      },
      "original": {
        "owner": "NixOS",
        "ref": "nixpkgs-unstable",
        "repo": "nixpkgs",
        "type": "github"
      }
    },
    "nixpkgs_2": {
      "locked": {
        "lastModified": 0,
        "narHash": "sha256-ir7JbsLp2mqseCs3qI+Z/pkt+Gh+GfANbYcI5I+Gvnk=",
        "path": "/nix/store/4381sdcm40wvdh7hslc8jjrnjn4b022l-source",
        "type": "path"
      },
      "original": {
        "id": "nixpkgs",
        "type": "indirect"
      }
    },
    "nixpkgs_3": {
      "locked": {
        "lastModified": 1758277210,
        "narHash": "sha256-iCGWf/LTy+aY0zFu8q12lK8KuZp7yvdhStehhyX1v8w=",
        "owner": "NixOS",
        "repo": "nixpkgs",
        "rev": "8eaee110344796db060382e15d3af0a9fc396e0e",
        "type": "github"
      },
      "original": {
        "owner": "NixOS",
        "ref": "nixos-unstable",
        "repo": "nixpkgs",
        "type": "github"
      }
    },
    "root": {
      "inputs": {
        "cosmic-nightly": "cosmic-nightly",
        "darwin": "darwin",
        "home-manager": "home-manager",
        "homebrew": "homebrew",
        "homebrew-bundle": "homebrew-bundle",
        "homebrew-cask": "homebrew-cask",
        "homebrew-core": "homebrew-core",
        "krew2nix": "krew2nix",
        "nix-flatpak": "nix-flatpak",
        "nixpkgs": "nixpkgs_3"
      }
    },
    "xdg-desktop-portal-cosmic-src": {
      "flake": false,
      "locked": {
        "lastModified": 1757647525,
        "narHash": "sha256-jwLTgzchY18rPbc93DEADmJ2XHkLBsO002YoxWbCq2Y=",
        "owner": "pop-os",
        "repo": "xdg-desktop-portal-cosmic",
        "rev": "a069d57d359c4fe25a0415bdfee6c967e07b5a48",
        "type": "github"
      },
      "original": {
        "owner": "pop-os",
        "repo": "xdg-desktop-portal-cosmic",
        "type": "github"
      }
    }
  },
  "root": "root",
  "version": 7
}
